
Microsoft Visual Studio Solution File, Format Version 12.00
# Visual Studio Version 17
VisualStudioVersion = 17.9.34723.18
MinimumVisualStudioVersion = 10.0.40219.1
Project("{FAE04EC0-301F-11D3-BF4B-00C04F79EFBC}") = "Predictor", "Predictor\Predictor.csproj", "{BCCF4357-70B8-43E0-B2A0-DD56FD41A780}"
EndProject
Global
	GlobalSection(SolutionConfigurationPlatforms) = preSolution
		Debug|Any CPU = Debug|Any CPU
		Release|Any CPU = Release|Any CPU
	EndGlobalSection
	GlobalSection(ProjectConfigurationPlatforms) = postSolution
		{BCCF4357-70B8-43E0-B2A0-DD56FD41A780}.Debug|Any CPU.ActiveCfg = Debug|Any CPU
		{BCCF4357-70B8-43E0-B2A0-DD56FD41A780}.Debug|Any CPU.Build.0 = Debug|Any CPU
		{BCCF4357-70B8-43E0-B2A0-DD56FD41A780}.Release|Any CPU.ActiveCfg = Release|Any CPU
		{BCCF4357-70B8-43E0-B2A0-DD56FD41A780}.Release|Any CPU.Build.0 = Release|Any CPU
	EndGlobalSection
	GlobalSection(SolutionProperties) = preSolution
		HideSolutionNode = FALSE
	EndGlobalSection
	GlobalSection(ExtensibilityGlobals) = postSolution
		SolutionGuid = {0DC99369-5CAC-4A3F-A0A5-0E2B6164E2CE}
	EndGlobalSection
EndGlobal
