
Microsoft Visual Studio Solution File, Format Version 12.00
# Visual Studio Version 17
VisualStudioVersion = 17.9.34723.18
MinimumVisualStudioVersion = 10.0.40219.1
Project("{9A19103F-16F7-4668-BE54-9A1E7A4F7556}") = "Predictor", "Predictor\Predictor.csproj", "{BCCF4357-70B8-43E0-B2A0-DD56FD41A780}"
EndProject
Project("{9A19103F-16F7-4668-BE54-9A1E7A4F7556}") = "DynamicUIFramework", "DynamicUIFramework\DynamicUIFramework.csproj", "{0D01D2C4-01C4-4F21-B5F0-4355D590A924}"
EndProject
Project("{2150E333-8FDC-42A3-9474-1A3956D46DE8}") = "Patches", "Patches", "{33E57AD4-448C-460E-997E-BA92FE0BCA12}"
EndProject
Project("{9A19103F-16F7-4668-BE54-9A1E7A4F7556}") = "PredictorPatchFramework", "PredictorFramework\PredictorPatchFramework.csproj", "{F63C7E32-543B-4AA6-B2DA-A2462D5BD1F5}"
EndProject
Project("{9A19103F-16F7-4668-BE54-9A1E7A4F7556}") = "PredictorBreakableContainerPatch", "Patches\PredictorBreakableContainerPatch\PredictorBreakableContainerPatch.csproj", "{21F3103D-CF1D-40E3-806C-C687D8F800A4}"
EndProject
Project("{9A19103F-16F7-4668-BE54-9A1E7A4F7556}") = "PredictorBushPatch", "Patches\PredictorBushPatch\PredictorBushPatch.csproj", "{7937C66E-EDEC-4031-82BC-D32483989066}"
EndProject
Project("{9A19103F-16F7-4668-BE54-9A1E7A4F7556}") = "PredictorDigSpotPatch", "Patches\PredictorDigSpotPatch\PredictorDigSpotPatch.csproj", "{AC044783-AAE7-4EF8-90C7-DBCB51D9786D}"
EndProject
Project("{9A19103F-16F7-4668-BE54-9A1E7A4F7556}") = "PredictorFishingPatch", "Patches\PredictorFishingPatch\PredictorFishingPatch.csproj", "{3C2133BD-94E0-444C-B3E4-C8384C803240}"
EndProject
Project("{9A19103F-16F7-4668-BE54-9A1E7A4F7556}") = "PredictorMinigamesPatch", "Patches\PredictorMinigamesPatch\PredictorMinigamesPatch.csproj", "{DAE80A2C-CA96-48C9-B933-BC8AF25DBAB5}"
EndProject
Project("{9A19103F-16F7-4668-BE54-9A1E7A4F7556}") = "PredictorPanningPatch", "Patches\PredictorPanningPatch\PredictorPanningPatch.csproj", "{74F34505-A1A8-43F7-B222-F7FB465FD180}"
EndProject
Project("{9A19103F-16F7-4668-BE54-9A1E7A4F7556}") = "PredictorSeedMakerPatch", "Patches\PredictorSeedMakerPatch\PredictorSeedMakerPatch.csproj", "{98D4DFB9-908E-4866-A6C8-AED4EAC64933}"
EndProject
Project("{9A19103F-16F7-4668-BE54-9A1E7A4F7556}") = "PredictorSpawnedPatch", "Patches\PredictorSpawnedPatch\PredictorSpawnedPatch.csproj", "{5599499B-D176-4307-87FB-0F8FC995DB51}"
EndProject
Project("{9A19103F-16F7-4668-BE54-9A1E7A4F7556}") = "PredictorTillablePatch", "Patches\PredictorTillablePatch\PredictorTillablePatch.csproj", "{8D167C85-3640-4263-8ED6-5C5B4F8D6ED0}"
EndProject
Project("{9A19103F-16F7-4668-BE54-9A1E7A4F7556}") = "PredictorTreePatch", "Patches\PredictorTreePatch\PredictorTreePatch.csproj", "{894482C0-20D6-401F-8877-8237D1529E7D}"
EndProject
Project("{9A19103F-16F7-4668-BE54-9A1E7A4F7556}") = "PredictorGarbageCanPatch", "Patches\PredictorGarbageCanPatch\PredictorGarbageCanPatch.csproj", "{9ADFA1D4-4B4C-4F0B-8583-8EB60BB570BA}"
EndProject
Project("{FAE04EC0-301F-11D3-BF4B-00C04F79EFBC}") = "PredictorGeodePatch", "Patches\PredictorGeodePatch\PredictorGeodePatch.csproj", "{FD219D7B-FBB0-481A-8628-F487F962DE58}"
EndProject
Project("{9A19103F-16F7-4668-BE54-9A1E7A4F7556}") = "PredictorMineablePatch", "Patches\PredictorMineablePatch\PredictorMineablePatch.csproj", "{F27D2400-C352-4778-BE37-6C7A5C3E407C}"
EndProject
Global
	GlobalSection(SolutionConfigurationPlatforms) = preSolution
		Debug|Any CPU = Debug|Any CPU
		Release|Any CPU = Release|Any CPU
	EndGlobalSection
	GlobalSection(ProjectConfigurationPlatforms) = postSolution
		{BCCF4357-70B8-43E0-B2A0-DD56FD41A780}.Debug|Any CPU.ActiveCfg = Debug|Any CPU
		{BCCF4357-70B8-43E0-B2A0-DD56FD41A780}.Debug|Any CPU.Build.0 = Debug|Any CPU
		{BCCF4357-70B8-43E0-B2A0-DD56FD41A780}.Release|Any CPU.ActiveCfg = Release|Any CPU
		{BCCF4357-70B8-43E0-B2A0-DD56FD41A780}.Release|Any CPU.Build.0 = Release|Any CPU
		{0D01D2C4-01C4-4F21-B5F0-4355D590A924}.Debug|Any CPU.ActiveCfg = Debug|Any CPU
		{0D01D2C4-01C4-4F21-B5F0-4355D590A924}.Debug|Any CPU.Build.0 = Debug|Any CPU
		{0D01D2C4-01C4-4F21-B5F0-4355D590A924}.Release|Any CPU.ActiveCfg = Release|Any CPU
		{0D01D2C4-01C4-4F21-B5F0-4355D590A924}.Release|Any CPU.Build.0 = Release|Any CPU
		{F63C7E32-543B-4AA6-B2DA-A2462D5BD1F5}.Debug|Any CPU.ActiveCfg = Debug|Any CPU
		{F63C7E32-543B-4AA6-B2DA-A2462D5BD1F5}.Debug|Any CPU.Build.0 = Debug|Any CPU
		{F63C7E32-543B-4AA6-B2DA-A2462D5BD1F5}.Release|Any CPU.ActiveCfg = Release|Any CPU
		{F63C7E32-543B-4AA6-B2DA-A2462D5BD1F5}.Release|Any CPU.Build.0 = Release|Any CPU
		{21F3103D-CF1D-40E3-806C-C687D8F800A4}.Debug|Any CPU.ActiveCfg = Debug|Any CPU
		{21F3103D-CF1D-40E3-806C-C687D8F800A4}.Debug|Any CPU.Build.0 = Debug|Any CPU
		{21F3103D-CF1D-40E3-806C-C687D8F800A4}.Release|Any CPU.ActiveCfg = Release|Any CPU
		{21F3103D-CF1D-40E3-806C-C687D8F800A4}.Release|Any CPU.Build.0 = Release|Any CPU
		{7937C66E-EDEC-4031-82BC-D32483989066}.Debug|Any CPU.ActiveCfg = Debug|Any CPU
		{7937C66E-EDEC-4031-82BC-D32483989066}.Debug|Any CPU.Build.0 = Debug|Any CPU
		{7937C66E-EDEC-4031-82BC-D32483989066}.Release|Any CPU.ActiveCfg = Release|Any CPU
		{7937C66E-EDEC-4031-82BC-D32483989066}.Release|Any CPU.Build.0 = Release|Any CPU
		{AC044783-AAE7-4EF8-90C7-DBCB51D9786D}.Debug|Any CPU.ActiveCfg = Debug|Any CPU
		{AC044783-AAE7-4EF8-90C7-DBCB51D9786D}.Debug|Any CPU.Build.0 = Debug|Any CPU
		{AC044783-AAE7-4EF8-90C7-DBCB51D9786D}.Release|Any CPU.ActiveCfg = Release|Any CPU
		{AC044783-AAE7-4EF8-90C7-DBCB51D9786D}.Release|Any CPU.Build.0 = Release|Any CPU
		{3C2133BD-94E0-444C-B3E4-C8384C803240}.Debug|Any CPU.ActiveCfg = Debug|Any CPU
		{3C2133BD-94E0-444C-B3E4-C8384C803240}.Debug|Any CPU.Build.0 = Debug|Any CPU
		{3C2133BD-94E0-444C-B3E4-C8384C803240}.Release|Any CPU.ActiveCfg = Release|Any CPU
		{3C2133BD-94E0-444C-B3E4-C8384C803240}.Release|Any CPU.Build.0 = Release|Any CPU
		{DAE80A2C-CA96-48C9-B933-BC8AF25DBAB5}.Debug|Any CPU.ActiveCfg = Debug|Any CPU
		{DAE80A2C-CA96-48C9-B933-BC8AF25DBAB5}.Debug|Any CPU.Build.0 = Debug|Any CPU
		{DAE80A2C-CA96-48C9-B933-BC8AF25DBAB5}.Release|Any CPU.ActiveCfg = Release|Any CPU
		{DAE80A2C-CA96-48C9-B933-BC8AF25DBAB5}.Release|Any CPU.Build.0 = Release|Any CPU
		{74F34505-A1A8-43F7-B222-F7FB465FD180}.Debug|Any CPU.ActiveCfg = Debug|Any CPU
		{74F34505-A1A8-43F7-B222-F7FB465FD180}.Debug|Any CPU.Build.0 = Debug|Any CPU
		{74F34505-A1A8-43F7-B222-F7FB465FD180}.Release|Any CPU.ActiveCfg = Release|Any CPU
		{74F34505-A1A8-43F7-B222-F7FB465FD180}.Release|Any CPU.Build.0 = Release|Any CPU
		{98D4DFB9-908E-4866-A6C8-AED4EAC64933}.Debug|Any CPU.ActiveCfg = Debug|Any CPU
		{98D4DFB9-908E-4866-A6C8-AED4EAC64933}.Debug|Any CPU.Build.0 = Debug|Any CPU
		{98D4DFB9-908E-4866-A6C8-AED4EAC64933}.Release|Any CPU.ActiveCfg = Release|Any CPU
		{98D4DFB9-908E-4866-A6C8-AED4EAC64933}.Release|Any CPU.Build.0 = Release|Any CPU
		{5599499B-D176-4307-87FB-0F8FC995DB51}.Debug|Any CPU.ActiveCfg = Debug|Any CPU
		{5599499B-D176-4307-87FB-0F8FC995DB51}.Debug|Any CPU.Build.0 = Debug|Any CPU
		{5599499B-D176-4307-87FB-0F8FC995DB51}.Release|Any CPU.ActiveCfg = Release|Any CPU
		{5599499B-D176-4307-87FB-0F8FC995DB51}.Release|Any CPU.Build.0 = Release|Any CPU
		{8D167C85-3640-4263-8ED6-5C5B4F8D6ED0}.Debug|Any CPU.ActiveCfg = Debug|Any CPU
		{8D167C85-3640-4263-8ED6-5C5B4F8D6ED0}.Debug|Any CPU.Build.0 = Debug|Any CPU
		{8D167C85-3640-4263-8ED6-5C5B4F8D6ED0}.Release|Any CPU.ActiveCfg = Release|Any CPU
		{8D167C85-3640-4263-8ED6-5C5B4F8D6ED0}.Release|Any CPU.Build.0 = Release|Any CPU
		{894482C0-20D6-401F-8877-8237D1529E7D}.Debug|Any CPU.ActiveCfg = Debug|Any CPU
		{894482C0-20D6-401F-8877-8237D1529E7D}.Debug|Any CPU.Build.0 = Debug|Any CPU
		{894482C0-20D6-401F-8877-8237D1529E7D}.Release|Any CPU.ActiveCfg = Release|Any CPU
		{894482C0-20D6-401F-8877-8237D1529E7D}.Release|Any CPU.Build.0 = Release|Any CPU
		{9ADFA1D4-4B4C-4F0B-8583-8EB60BB570BA}.Debug|Any CPU.ActiveCfg = Debug|Any CPU
		{9ADFA1D4-4B4C-4F0B-8583-8EB60BB570BA}.Debug|Any CPU.Build.0 = Debug|Any CPU
		{9ADFA1D4-4B4C-4F0B-8583-8EB60BB570BA}.Release|Any CPU.ActiveCfg = Release|Any CPU
		{9ADFA1D4-4B4C-4F0B-8583-8EB60BB570BA}.Release|Any CPU.Build.0 = Release|Any CPU
		{FD219D7B-FBB0-481A-8628-F487F962DE58}.Debug|Any CPU.ActiveCfg = Debug|Any CPU
		{FD219D7B-FBB0-481A-8628-F487F962DE58}.Debug|Any CPU.Build.0 = Debug|Any CPU
		{FD219D7B-FBB0-481A-8628-F487F962DE58}.Release|Any CPU.ActiveCfg = Release|Any CPU
		{FD219D7B-FBB0-481A-8628-F487F962DE58}.Release|Any CPU.Build.0 = Release|Any CPU
		{F27D2400-C352-4778-BE37-6C7A5C3E407C}.Debug|Any CPU.ActiveCfg = Debug|Any CPU
		{F27D2400-C352-4778-BE37-6C7A5C3E407C}.Debug|Any CPU.Build.0 = Debug|Any CPU
		{F27D2400-C352-4778-BE37-6C7A5C3E407C}.Release|Any CPU.ActiveCfg = Release|Any CPU
		{F27D2400-C352-4778-BE37-6C7A5C3E407C}.Release|Any CPU.Build.0 = Release|Any CPU
	EndGlobalSection
	GlobalSection(SolutionProperties) = preSolution
		HideSolutionNode = FALSE
	EndGlobalSection
	GlobalSection(NestedProjects) = preSolution
		{21F3103D-CF1D-40E3-806C-C687D8F800A4} = {33E57AD4-448C-460E-997E-BA92FE0BCA12}
		{7937C66E-EDEC-4031-82BC-D32483989066} = {33E57AD4-448C-460E-997E-BA92FE0BCA12}
		{AC044783-AAE7-4EF8-90C7-DBCB51D9786D} = {33E57AD4-448C-460E-997E-BA92FE0BCA12}
		{3C2133BD-94E0-444C-B3E4-C8384C803240} = {33E57AD4-448C-460E-997E-BA92FE0BCA12}
		{DAE80A2C-CA96-48C9-B933-BC8AF25DBAB5} = {33E57AD4-448C-460E-997E-BA92FE0BCA12}
		{74F34505-A1A8-43F7-B222-F7FB465FD180} = {33E57AD4-448C-460E-997E-BA92FE0BCA12}
		{98D4DFB9-908E-4866-A6C8-AED4EAC64933} = {33E57AD4-448C-460E-997E-BA92FE0BCA12}
		{5599499B-D176-4307-87FB-0F8FC995DB51} = {33E57AD4-448C-460E-997E-BA92FE0BCA12}
		{8D167C85-3640-4263-8ED6-5C5B4F8D6ED0} = {33E57AD4-448C-460E-997E-BA92FE0BCA12}
		{894482C0-20D6-401F-8877-8237D1529E7D} = {33E57AD4-448C-460E-997E-BA92FE0BCA12}
		{9ADFA1D4-4B4C-4F0B-8583-8EB60BB570BA} = {33E57AD4-448C-460E-997E-BA92FE0BCA12}
		{FD219D7B-FBB0-481A-8628-F487F962DE58} = {33E57AD4-448C-460E-997E-BA92FE0BCA12}
		{F27D2400-C352-4778-BE37-6C7A5C3E407C} = {33E57AD4-448C-460E-997E-BA92FE0BCA12}
	EndGlobalSection
	GlobalSection(ExtensibilityGlobals) = postSolution
		SolutionGuid = {0DC99369-5CAC-4A3F-A0A5-0E2B6164E2CE}
	EndGlobalSection
EndGlobal
