
Microsoft Visual Studio Solution File, Format Version 12.00
# Visual Studio Version 17
VisualStudioVersion = 17.9.34723.18
MinimumVisualStudioVersion = 10.0.40219.1
Project("{9A19103F-16F7-4668-BE54-9A1E7A4F7556}") = "Predictor", "Predictor\Predictor.csproj", "{BCCF4357-70B8-43E0-B2A0-DD56FD41A780}"
EndProject
Project("{9A19103F-16F7-4668-BE54-9A1E7A4F7556}") = "DynamicUIFramework", "DynamicUIFramework\DynamicUIFramework.csproj", "{0D01D2C4-01C4-4F21-B5F0-4355D590A924}"
EndProject
Project("{9A19103F-16F7-4668-BE54-9A1E7A4F7556}") = "PredictorBreakableContainerPatch", "PredictorBreakableContainerPatch\PredictorBreakableContainerPatch.csproj", "{55384A31-591D-47AF-90CD-354939B3DFA3}"
EndProject
Project("{9A19103F-16F7-4668-BE54-9A1E7A4F7556}") = "PredictorBushPatch", "PredictorBushPatch\PredictorBushPatch.csproj", "{F5A65D72-C888-4BFE-AAA7-98628458BCF7}"
EndProject
Project("{9A19103F-16F7-4668-BE54-9A1E7A4F7556}") = "PredictorCropPatch", "PredictorCropPatch\PredictorCropPatch.csproj", "{43D951BF-3945-4C49-B3B6-A0A987406E96}"
EndProject
Project("{9A19103F-16F7-4668-BE54-9A1E7A4F7556}") = "PredictorDigSpotPatch", "PredictorDigSpotPatch\PredictorDigSpotPatch.csproj", "{6AAE2942-04EA-4F65-8376-36156979A4F7}"
EndProject
Project("{9A19103F-16F7-4668-BE54-9A1E7A4F7556}") = "PredictorFishingPatch", "PredictorFishingPatch\PredictorFishingPatch.csproj", "{599E6975-9C16-456F-8FBB-2ED569FA0F54}"
EndProject
Project("{9A19103F-16F7-4668-BE54-9A1E7A4F7556}") = "PredictorGarbageCanPatch", "PredictorGarbageCanPatch\PredictorGarbageCanPatch.csproj", "{C9395884-181B-4E04-9B1D-8867F4B10F26}"
EndProject
Project("{9A19103F-16F7-4668-BE54-9A1E7A4F7556}") = "PredictorGeodePatch", "PredictorGeodePatch\PredictorGeodePatch.csproj", "{CAC0B0AF-EDFA-4104-9998-E6F8C77BFF59}"
EndProject
Project("{2150E333-8FDC-42A3-9474-1A3956D46DE8}") = "Patches", "Patches", "{824DDED4-13E2-45F1-9C67-43E6F62559E9}"
EndProject
Project("{9A19103F-16F7-4668-BE54-9A1E7A4F7556}") = "PredictorMineablePatch", "PredictorMineablePatch\PredictorMineablePatch.csproj", "{B6243CED-7A13-46F4-BC16-EBD666F8B399}"
EndProject
Project("{9A19103F-16F7-4668-BE54-9A1E7A4F7556}") = "PredictorMinigamesPatch", "PredictorMinigamesPatch\PredictorMinigamesPatch.csproj", "{E0A86105-5C92-41CB-B8D0-A7A563935E44}"
EndProject
Project("{9A19103F-16F7-4668-BE54-9A1E7A4F7556}") = "PredictorSpawnedPatch", "PredictorSpawnedPatch\PredictorSpawnedPatch.csproj", "{65D62B7B-8489-42F0-96DF-169FBE8650E9}"
EndProject
Project("{9A19103F-16F7-4668-BE54-9A1E7A4F7556}") = "PredictorPanningPatch", "PredictorPanningPatch\PredictorPanningPatch.csproj", "{AE12F4C7-A90D-4CD2-A783-F30192516D76}"
EndProject
Project("{9A19103F-16F7-4668-BE54-9A1E7A4F7556}") = "PredictorSeedMakerPatch", "PredictorSeedMakerPatch\PredictorSeedMakerPatch.csproj", "{A8A4277D-31C5-49B6-ADE8-965BBD0F1A7F}"
EndProject
Project("{9A19103F-16F7-4668-BE54-9A1E7A4F7556}") = "PredictorTillablePatch", "PredictorTillablePatch\PredictorTillablePatch.csproj", "{796A0EB8-D9A2-4332-80C0-0702063B69FF}"
EndProject
Project("{9A19103F-16F7-4668-BE54-9A1E7A4F7556}") = "PredictorTreePatch", "PredictorTreePatch\PredictorTreePatch.csproj", "{51088C09-BC7F-4148-B38B-9684DEF9223C}"
EndProject
Project("{9A19103F-16F7-4668-BE54-9A1E7A4F7556}") = "PredictorPatchFramework", "PredictorPatchFramework\PredictorPatchFramework.csproj", "{71FD44D4-3C9C-4634-B209-C8BC5E5396F5}"
EndProject
Project("{9A19103F-16F7-4668-BE54-9A1E7A4F7556}") = "PredictorCrabPotPatch", "PredictorCrabPotPatch\PredictorCrabPotPatch.csproj", "{8D26A439-5E08-44AC-A8BA-5368CE03A0B5}"
EndProject
Project("{FAE04EC0-301F-11D3-BF4B-00C04F79EFBC}") = "PredictorSeedPatch", "PredictorSeedPatch\PredictorSeedPatch.csproj", "{A4460E07-DDDD-4C20-B4EA-0D653DFE532F}"
EndProject
Global
	GlobalSection(SolutionConfigurationPlatforms) = preSolution
		Debug|Any CPU = Debug|Any CPU
		Release|Any CPU = Release|Any CPU
	EndGlobalSection
	GlobalSection(ProjectConfigurationPlatforms) = postSolution
		{BCCF4357-70B8-43E0-B2A0-DD56FD41A780}.Debug|Any CPU.ActiveCfg = Debug|Any CPU
		{BCCF4357-70B8-43E0-B2A0-DD56FD41A780}.Debug|Any CPU.Build.0 = Debug|Any CPU
		{BCCF4357-70B8-43E0-B2A0-DD56FD41A780}.Release|Any CPU.ActiveCfg = Release|Any CPU
		{BCCF4357-70B8-43E0-B2A0-DD56FD41A780}.Release|Any CPU.Build.0 = Release|Any CPU
		{0D01D2C4-01C4-4F21-B5F0-4355D590A924}.Debug|Any CPU.ActiveCfg = Debug|Any CPU
		{0D01D2C4-01C4-4F21-B5F0-4355D590A924}.Debug|Any CPU.Build.0 = Debug|Any CPU
		{0D01D2C4-01C4-4F21-B5F0-4355D590A924}.Release|Any CPU.ActiveCfg = Release|Any CPU
		{0D01D2C4-01C4-4F21-B5F0-4355D590A924}.Release|Any CPU.Build.0 = Release|Any CPU
		{55384A31-591D-47AF-90CD-354939B3DFA3}.Debug|Any CPU.ActiveCfg = Debug|Any CPU
		{55384A31-591D-47AF-90CD-354939B3DFA3}.Debug|Any CPU.Build.0 = Debug|Any CPU
		{55384A31-591D-47AF-90CD-354939B3DFA3}.Release|Any CPU.ActiveCfg = Release|Any CPU
		{55384A31-591D-47AF-90CD-354939B3DFA3}.Release|Any CPU.Build.0 = Release|Any CPU
		{F5A65D72-C888-4BFE-AAA7-98628458BCF7}.Debug|Any CPU.ActiveCfg = Debug|Any CPU
		{F5A65D72-C888-4BFE-AAA7-98628458BCF7}.Debug|Any CPU.Build.0 = Debug|Any CPU
		{F5A65D72-C888-4BFE-AAA7-98628458BCF7}.Release|Any CPU.ActiveCfg = Release|Any CPU
		{F5A65D72-C888-4BFE-AAA7-98628458BCF7}.Release|Any CPU.Build.0 = Release|Any CPU
		{43D951BF-3945-4C49-B3B6-A0A987406E96}.Debug|Any CPU.ActiveCfg = Debug|Any CPU
		{43D951BF-3945-4C49-B3B6-A0A987406E96}.Debug|Any CPU.Build.0 = Debug|Any CPU
		{43D951BF-3945-4C49-B3B6-A0A987406E96}.Release|Any CPU.ActiveCfg = Release|Any CPU
		{43D951BF-3945-4C49-B3B6-A0A987406E96}.Release|Any CPU.Build.0 = Release|Any CPU
		{6AAE2942-04EA-4F65-8376-36156979A4F7}.Debug|Any CPU.ActiveCfg = Debug|Any CPU
		{6AAE2942-04EA-4F65-8376-36156979A4F7}.Debug|Any CPU.Build.0 = Debug|Any CPU
		{6AAE2942-04EA-4F65-8376-36156979A4F7}.Release|Any CPU.ActiveCfg = Release|Any CPU
		{6AAE2942-04EA-4F65-8376-36156979A4F7}.Release|Any CPU.Build.0 = Release|Any CPU
		{599E6975-9C16-456F-8FBB-2ED569FA0F54}.Debug|Any CPU.ActiveCfg = Debug|Any CPU
		{599E6975-9C16-456F-8FBB-2ED569FA0F54}.Debug|Any CPU.Build.0 = Debug|Any CPU
		{599E6975-9C16-456F-8FBB-2ED569FA0F54}.Release|Any CPU.ActiveCfg = Release|Any CPU
		{599E6975-9C16-456F-8FBB-2ED569FA0F54}.Release|Any CPU.Build.0 = Release|Any CPU
		{C9395884-181B-4E04-9B1D-8867F4B10F26}.Debug|Any CPU.ActiveCfg = Debug|Any CPU
		{C9395884-181B-4E04-9B1D-8867F4B10F26}.Debug|Any CPU.Build.0 = Debug|Any CPU
		{C9395884-181B-4E04-9B1D-8867F4B10F26}.Release|Any CPU.ActiveCfg = Release|Any CPU
		{C9395884-181B-4E04-9B1D-8867F4B10F26}.Release|Any CPU.Build.0 = Release|Any CPU
		{CAC0B0AF-EDFA-4104-9998-E6F8C77BFF59}.Debug|Any CPU.ActiveCfg = Debug|Any CPU
		{CAC0B0AF-EDFA-4104-9998-E6F8C77BFF59}.Debug|Any CPU.Build.0 = Debug|Any CPU
		{CAC0B0AF-EDFA-4104-9998-E6F8C77BFF59}.Release|Any CPU.ActiveCfg = Release|Any CPU
		{CAC0B0AF-EDFA-4104-9998-E6F8C77BFF59}.Release|Any CPU.Build.0 = Release|Any CPU
		{B6243CED-7A13-46F4-BC16-EBD666F8B399}.Debug|Any CPU.ActiveCfg = Debug|Any CPU
		{B6243CED-7A13-46F4-BC16-EBD666F8B399}.Debug|Any CPU.Build.0 = Debug|Any CPU
		{B6243CED-7A13-46F4-BC16-EBD666F8B399}.Release|Any CPU.ActiveCfg = Release|Any CPU
		{B6243CED-7A13-46F4-BC16-EBD666F8B399}.Release|Any CPU.Build.0 = Release|Any CPU
		{E0A86105-5C92-41CB-B8D0-A7A563935E44}.Debug|Any CPU.ActiveCfg = Debug|Any CPU
		{E0A86105-5C92-41CB-B8D0-A7A563935E44}.Debug|Any CPU.Build.0 = Debug|Any CPU
		{E0A86105-5C92-41CB-B8D0-A7A563935E44}.Release|Any CPU.ActiveCfg = Release|Any CPU
		{E0A86105-5C92-41CB-B8D0-A7A563935E44}.Release|Any CPU.Build.0 = Release|Any CPU
		{65D62B7B-8489-42F0-96DF-169FBE8650E9}.Debug|Any CPU.ActiveCfg = Debug|Any CPU
		{65D62B7B-8489-42F0-96DF-169FBE8650E9}.Debug|Any CPU.Build.0 = Debug|Any CPU
		{65D62B7B-8489-42F0-96DF-169FBE8650E9}.Release|Any CPU.ActiveCfg = Release|Any CPU
		{65D62B7B-8489-42F0-96DF-169FBE8650E9}.Release|Any CPU.Build.0 = Release|Any CPU
		{AE12F4C7-A90D-4CD2-A783-F30192516D76}.Debug|Any CPU.ActiveCfg = Debug|Any CPU
		{AE12F4C7-A90D-4CD2-A783-F30192516D76}.Debug|Any CPU.Build.0 = Debug|Any CPU
		{AE12F4C7-A90D-4CD2-A783-F30192516D76}.Release|Any CPU.ActiveCfg = Release|Any CPU
		{AE12F4C7-A90D-4CD2-A783-F30192516D76}.Release|Any CPU.Build.0 = Release|Any CPU
		{A8A4277D-31C5-49B6-ADE8-965BBD0F1A7F}.Debug|Any CPU.ActiveCfg = Debug|Any CPU
		{A8A4277D-31C5-49B6-ADE8-965BBD0F1A7F}.Debug|Any CPU.Build.0 = Debug|Any CPU
		{A8A4277D-31C5-49B6-ADE8-965BBD0F1A7F}.Release|Any CPU.ActiveCfg = Release|Any CPU
		{A8A4277D-31C5-49B6-ADE8-965BBD0F1A7F}.Release|Any CPU.Build.0 = Release|Any CPU
		{796A0EB8-D9A2-4332-80C0-0702063B69FF}.Debug|Any CPU.ActiveCfg = Debug|Any CPU
		{796A0EB8-D9A2-4332-80C0-0702063B69FF}.Debug|Any CPU.Build.0 = Debug|Any CPU
		{796A0EB8-D9A2-4332-80C0-0702063B69FF}.Release|Any CPU.ActiveCfg = Release|Any CPU
		{796A0EB8-D9A2-4332-80C0-0702063B69FF}.Release|Any CPU.Build.0 = Release|Any CPU
		{51088C09-BC7F-4148-B38B-9684DEF9223C}.Debug|Any CPU.ActiveCfg = Debug|Any CPU
		{51088C09-BC7F-4148-B38B-9684DEF9223C}.Debug|Any CPU.Build.0 = Debug|Any CPU
		{51088C09-BC7F-4148-B38B-9684DEF9223C}.Release|Any CPU.ActiveCfg = Release|Any CPU
		{51088C09-BC7F-4148-B38B-9684DEF9223C}.Release|Any CPU.Build.0 = Release|Any CPU
		{71FD44D4-3C9C-4634-B209-C8BC5E5396F5}.Debug|Any CPU.ActiveCfg = Debug|Any CPU
		{71FD44D4-3C9C-4634-B209-C8BC5E5396F5}.Debug|Any CPU.Build.0 = Debug|Any CPU
		{71FD44D4-3C9C-4634-B209-C8BC5E5396F5}.Release|Any CPU.ActiveCfg = Release|Any CPU
		{71FD44D4-3C9C-4634-B209-C8BC5E5396F5}.Release|Any CPU.Build.0 = Release|Any CPU
		{8D26A439-5E08-44AC-A8BA-5368CE03A0B5}.Debug|Any CPU.ActiveCfg = Debug|Any CPU
		{8D26A439-5E08-44AC-A8BA-5368CE03A0B5}.Debug|Any CPU.Build.0 = Debug|Any CPU
		{8D26A439-5E08-44AC-A8BA-5368CE03A0B5}.Release|Any CPU.ActiveCfg = Release|Any CPU
		{8D26A439-5E08-44AC-A8BA-5368CE03A0B5}.Release|Any CPU.Build.0 = Release|Any CPU
		{A4460E07-DDDD-4C20-B4EA-0D653DFE532F}.Debug|Any CPU.ActiveCfg = Debug|Any CPU
		{A4460E07-DDDD-4C20-B4EA-0D653DFE532F}.Debug|Any CPU.Build.0 = Debug|Any CPU
		{A4460E07-DDDD-4C20-B4EA-0D653DFE532F}.Release|Any CPU.ActiveCfg = Release|Any CPU
		{A4460E07-DDDD-4C20-B4EA-0D653DFE532F}.Release|Any CPU.Build.0 = Release|Any CPU
	EndGlobalSection
	GlobalSection(SolutionProperties) = preSolution
		HideSolutionNode = FALSE
	EndGlobalSection
	GlobalSection(NestedProjects) = preSolution
		{55384A31-591D-47AF-90CD-354939B3DFA3} = {824DDED4-13E2-45F1-9C67-43E6F62559E9}
		{F5A65D72-C888-4BFE-AAA7-98628458BCF7} = {824DDED4-13E2-45F1-9C67-43E6F62559E9}
		{43D951BF-3945-4C49-B3B6-A0A987406E96} = {824DDED4-13E2-45F1-9C67-43E6F62559E9}
		{6AAE2942-04EA-4F65-8376-36156979A4F7} = {824DDED4-13E2-45F1-9C67-43E6F62559E9}
		{599E6975-9C16-456F-8FBB-2ED569FA0F54} = {824DDED4-13E2-45F1-9C67-43E6F62559E9}
		{C9395884-181B-4E04-9B1D-8867F4B10F26} = {824DDED4-13E2-45F1-9C67-43E6F62559E9}
		{CAC0B0AF-EDFA-4104-9998-E6F8C77BFF59} = {824DDED4-13E2-45F1-9C67-43E6F62559E9}
		{B6243CED-7A13-46F4-BC16-EBD666F8B399} = {824DDED4-13E2-45F1-9C67-43E6F62559E9}
		{E0A86105-5C92-41CB-B8D0-A7A563935E44} = {824DDED4-13E2-45F1-9C67-43E6F62559E9}
		{65D62B7B-8489-42F0-96DF-169FBE8650E9} = {824DDED4-13E2-45F1-9C67-43E6F62559E9}
		{AE12F4C7-A90D-4CD2-A783-F30192516D76} = {824DDED4-13E2-45F1-9C67-43E6F62559E9}
		{A8A4277D-31C5-49B6-ADE8-965BBD0F1A7F} = {824DDED4-13E2-45F1-9C67-43E6F62559E9}
		{796A0EB8-D9A2-4332-80C0-0702063B69FF} = {824DDED4-13E2-45F1-9C67-43E6F62559E9}
		{51088C09-BC7F-4148-B38B-9684DEF9223C} = {824DDED4-13E2-45F1-9C67-43E6F62559E9}
		{8D26A439-5E08-44AC-A8BA-5368CE03A0B5} = {824DDED4-13E2-45F1-9C67-43E6F62559E9}
		{A4460E07-DDDD-4C20-B4EA-0D653DFE532F} = {824DDED4-13E2-45F1-9C67-43E6F62559E9}
	EndGlobalSection
	GlobalSection(ExtensibilityGlobals) = postSolution
		SolutionGuid = {0DC99369-5CAC-4A3F-A0A5-0E2B6164E2CE}
	EndGlobalSection
EndGlobal
